
Microsoft Visual Studio Solution File, Format Version 12.00
# Visual Studio Version 16
VisualStudioVersion = 16.0.33027.164
MinimumVisualStudioVersion = 10.0.40219.1
Project("{FAE04EC0-301F-11D3-BF4B-00C04F79EFBC}") = "ParkApp", "ParkApp\ParkApp.csproj", "{7520EB22-4CBA-4D13-B4B2-5923EF9B2570}"
EndProject
Global
	GlobalSection(SolutionConfigurationPlatforms) = preSolution
		Debug|Any CPU = Debug|Any CPU
		Release|Any CPU = Release|Any CPU
	EndGlobalSection
	GlobalSection(ProjectConfigurationPlatforms) = postSolution
		{7520EB22-4CBA-4D13-B4B2-5923EF9B2570}.Debug|Any CPU.ActiveCfg = Debug|Any CPU
		{7520EB22-4CBA-4D13-B4B2-5923EF9B2570}.Debug|Any CPU.Build.0 = Debug|Any CPU
		{7520EB22-4CBA-4D13-B4B2-5923EF9B2570}.Release|Any CPU.ActiveCfg = Release|Any CPU
		{7520EB22-4CBA-4D13-B4B2-5923EF9B2570}.Release|Any CPU.Build.0 = Release|Any CPU
	EndGlobalSection
	GlobalSection(SolutionProperties) = preSolution
		HideSolutionNode = FALSE
	EndGlobalSection
	GlobalSection(ExtensibilityGlobals) = postSolution
		SolutionGuid = {23F05367-DA13-411A-9C4F-9D56CE63EDFB}
	EndGlobalSection
EndGlobal
